
Microsoft Visual Studio Solution File, Format Version 12.00
# Visual Studio Version 16
VisualStudioVersion = 16.0.809.6
MinimumVisualStudioVersion = 10.0.40219.1
Project("{FAE04EC0-301F-11D3-BF4B-00C04F79EFBC}") = "Minesweeper", "Minesweeper\Minesweeper.csproj", "{12FA8C4D-7262-4F87-A879-9429CF914791}"
EndProject
Project("{FAE04EC0-301F-11D3-BF4B-00C04F79EFBC}") = "MinesweeperTests", "MinesweeperTests\MinesweeperTests.csproj", "{B98F9B2A-53CA-4453-804B-03C19EAE48DB}"
EndProject
Global
	GlobalSection(SolutionConfigurationPlatforms) = preSolution
		Debug|Any CPU = Debug|Any CPU
		Release|Any CPU = Release|Any CPU
	EndGlobalSection
	GlobalSection(ProjectConfigurationPlatforms) = postSolution
		{12FA8C4D-7262-4F87-A879-9429CF914791}.Debug|Any CPU.ActiveCfg = Debug|Any CPU
		{12FA8C4D-7262-4F87-A879-9429CF914791}.Debug|Any CPU.Build.0 = Debug|Any CPU
		{12FA8C4D-7262-4F87-A879-9429CF914791}.Release|Any CPU.ActiveCfg = Release|Any CPU
		{12FA8C4D-7262-4F87-A879-9429CF914791}.Release|Any CPU.Build.0 = Release|Any CPU
		{B98F9B2A-53CA-4453-804B-03C19EAE48DB}.Debug|Any CPU.ActiveCfg = Debug|Any CPU
		{B98F9B2A-53CA-4453-804B-03C19EAE48DB}.Debug|Any CPU.Build.0 = Debug|Any CPU
		{B98F9B2A-53CA-4453-804B-03C19EAE48DB}.Release|Any CPU.ActiveCfg = Release|Any CPU
		{B98F9B2A-53CA-4453-804B-03C19EAE48DB}.Release|Any CPU.Build.0 = Release|Any CPU
	EndGlobalSection
	GlobalSection(SolutionProperties) = preSolution
		HideSolutionNode = FALSE
	EndGlobalSection
	GlobalSection(ExtensibilityGlobals) = postSolution
		SolutionGuid = {6F945FD6-80D6-4D8F-A358-C1270AD08BF2}
	EndGlobalSection
EndGlobal
